
Microsoft Visual Studio Solution File, Format Version 12.00
Project("{FAE04EC0-301F-11D3-BF4B-00C04F79EFBC}") = "POC.MiniIoC", "POC.MiniIoC\POC.MiniIoC.csproj", "{B418069D-E542-4AC7-ABE1-5E9A68F19C05}"
EndProject
Project("{FAE04EC0-301F-11D3-BF4B-00C04F79EFBC}") = "Samples", "Samples\Samples.csproj", "{4D916D54-77D8-4643-8897-D24F933AB09C}"
EndProject
Global
	GlobalSection(SolutionConfigurationPlatforms) = preSolution
		Debug|Any CPU = Debug|Any CPU
		Release|Any CPU = Release|Any CPU
	EndGlobalSection
	GlobalSection(ProjectConfigurationPlatforms) = postSolution
		{B418069D-E542-4AC7-ABE1-5E9A68F19C05}.Debug|Any CPU.ActiveCfg = Debug|Any CPU
		{B418069D-E542-4AC7-ABE1-5E9A68F19C05}.Debug|Any CPU.Build.0 = Debug|Any CPU
		{B418069D-E542-4AC7-ABE1-5E9A68F19C05}.Release|Any CPU.ActiveCfg = Release|Any CPU
		{B418069D-E542-4AC7-ABE1-5E9A68F19C05}.Release|Any CPU.Build.0 = Release|Any CPU
		{4D916D54-77D8-4643-8897-D24F933AB09C}.Debug|Any CPU.ActiveCfg = Debug|Any CPU
		{4D916D54-77D8-4643-8897-D24F933AB09C}.Debug|Any CPU.Build.0 = Debug|Any CPU
		{4D916D54-77D8-4643-8897-D24F933AB09C}.Release|Any CPU.ActiveCfg = Release|Any CPU
		{4D916D54-77D8-4643-8897-D24F933AB09C}.Release|Any CPU.Build.0 = Release|Any CPU
	EndGlobalSection
EndGlobal
